
Microsoft Visual Studio Solution File, Format Version 12.00
# Visual Studio Version 16
VisualStudioVersion = 16.0.31624.102
MinimumVisualStudioVersion = 10.0.40219.1
Project("{8BC9CEB8-8B4A-11D0-8D11-00A0C91BC942}") = "AbstractBase", "AbstractBase\AbstractBase.vcxproj", "{AA1D997D-E0B1-422B-9CF5-3A917010CCD8}"
EndProject
Global
	GlobalSection(SolutionConfigurationPlatforms) = preSolution
		Debug|x64 = Debug|x64
		Debug|x86 = Debug|x86
		Release|x64 = Release|x64
		Release|x86 = Release|x86
	EndGlobalSection
	GlobalSection(ProjectConfigurationPlatforms) = postSolution
		{AA1D997D-E0B1-422B-9CF5-3A917010CCD8}.Debug|x64.ActiveCfg = Debug|x64
		{AA1D997D-E0B1-422B-9CF5-3A917010CCD8}.Debug|x64.Build.0 = Debug|x64
		{AA1D997D-E0B1-422B-9CF5-3A917010CCD8}.Debug|x86.ActiveCfg = Debug|Win32
		{AA1D997D-E0B1-422B-9CF5-3A917010CCD8}.Debug|x86.Build.0 = Debug|Win32
		{AA1D997D-E0B1-422B-9CF5-3A917010CCD8}.Release|x64.ActiveCfg = Release|x64
		{AA1D997D-E0B1-422B-9CF5-3A917010CCD8}.Release|x64.Build.0 = Release|x64
		{AA1D997D-E0B1-422B-9CF5-3A917010CCD8}.Release|x86.ActiveCfg = Release|Win32
		{AA1D997D-E0B1-422B-9CF5-3A917010CCD8}.Release|x86.Build.0 = Release|Win32
	EndGlobalSection
	GlobalSection(SolutionProperties) = preSolution
		HideSolutionNode = FALSE
	EndGlobalSection
	GlobalSection(ExtensibilityGlobals) = postSolution
		SolutionGuid = {DBF2645E-0178-4880-9663-A865495B2723}
	EndGlobalSection
EndGlobal
