
Microsoft Visual Studio Solution File, Format Version 12.00
# Visual Studio Version 16
VisualStudioVersion = 16.0.31624.102
MinimumVisualStudioVersion = 10.0.40219.1
Project("{8BC9CEB8-8B4A-11D0-8D11-00A0C91BC942}") = "Part Duex", "Part Duex\Part Duex.vcxproj", "{6FA567D6-A5BA-4965-8DBF-DE8C3C678847}"
EndProject
Global
	GlobalSection(SolutionConfigurationPlatforms) = preSolution
		Debug|x64 = Debug|x64
		Debug|x86 = Debug|x86
		Release|x64 = Release|x64
		Release|x86 = Release|x86
	EndGlobalSection
	GlobalSection(ProjectConfigurationPlatforms) = postSolution
		{6FA567D6-A5BA-4965-8DBF-DE8C3C678847}.Debug|x64.ActiveCfg = Debug|x64
		{6FA567D6-A5BA-4965-8DBF-DE8C3C678847}.Debug|x64.Build.0 = Debug|x64
		{6FA567D6-A5BA-4965-8DBF-DE8C3C678847}.Debug|x86.ActiveCfg = Debug|Win32
		{6FA567D6-A5BA-4965-8DBF-DE8C3C678847}.Debug|x86.Build.0 = Debug|Win32
		{6FA567D6-A5BA-4965-8DBF-DE8C3C678847}.Release|x64.ActiveCfg = Release|x64
		{6FA567D6-A5BA-4965-8DBF-DE8C3C678847}.Release|x64.Build.0 = Release|x64
		{6FA567D6-A5BA-4965-8DBF-DE8C3C678847}.Release|x86.ActiveCfg = Release|Win32
		{6FA567D6-A5BA-4965-8DBF-DE8C3C678847}.Release|x86.Build.0 = Release|Win32
	EndGlobalSection
	GlobalSection(SolutionProperties) = preSolution
		HideSolutionNode = FALSE
	EndGlobalSection
	GlobalSection(ExtensibilityGlobals) = postSolution
		SolutionGuid = {44584479-8F26-4122-9CC9-1DCCA40D76CB}
	EndGlobalSection
EndGlobal
